
Microsoft Visual Studio Solution File, Format Version 12.00
# Visual Studio Version 17
VisualStudioVersion = 17.2.32630.192
MinimumVisualStudioVersion = 10.0.40219.1
Project("{8BC9CEB8-8B4A-11D0-8D11-00A0C91BC942}") = "2022.8.10", "2022.8.10\2022.8.10.vcxproj", "{E3D80A6C-1A7E-4E64-98F3-C7FC5842AB03}"
EndProject
Global
	GlobalSection(SolutionConfigurationPlatforms) = preSolution
		Debug|x64 = Debug|x64
		Debug|x86 = Debug|x86
		Release|x64 = Release|x64
		Release|x86 = Release|x86
	EndGlobalSection
	GlobalSection(ProjectConfigurationPlatforms) = postSolution
		{E3D80A6C-1A7E-4E64-98F3-C7FC5842AB03}.Debug|x64.ActiveCfg = Debug|x64
		{E3D80A6C-1A7E-4E64-98F3-C7FC5842AB03}.Debug|x64.Build.0 = Debug|x64
		{E3D80A6C-1A7E-4E64-98F3-C7FC5842AB03}.Debug|x86.ActiveCfg = Debug|Win32
		{E3D80A6C-1A7E-4E64-98F3-C7FC5842AB03}.Debug|x86.Build.0 = Debug|Win32
		{E3D80A6C-1A7E-4E64-98F3-C7FC5842AB03}.Release|x64.ActiveCfg = Release|x64
		{E3D80A6C-1A7E-4E64-98F3-C7FC5842AB03}.Release|x64.Build.0 = Release|x64
		{E3D80A6C-1A7E-4E64-98F3-C7FC5842AB03}.Release|x86.ActiveCfg = Release|Win32
		{E3D80A6C-1A7E-4E64-98F3-C7FC5842AB03}.Release|x86.Build.0 = Release|Win32
	EndGlobalSection
	GlobalSection(SolutionProperties) = preSolution
		HideSolutionNode = FALSE
	EndGlobalSection
	GlobalSection(ExtensibilityGlobals) = postSolution
		SolutionGuid = {4C2D985A-C4AE-4827-BFEE-DE3111A70EE8}
	EndGlobalSection
EndGlobal
