
Microsoft Visual Studio Solution File, Format Version 12.00
# Visual Studio Version 17
VisualStudioVersion = 17.2.32630.192
MinimumVisualStudioVersion = 10.0.40219.1
Project("{8BC9CEB8-8B4A-11D0-8D11-00A0C91BC942}") = "2022.8.8", "2022.8.8\2022.8.8.vcxproj", "{B1B08ACA-0A74-47DA-B8EE-8EAD32714539}"
EndProject
Global
	GlobalSection(SolutionConfigurationPlatforms) = preSolution
		Debug|x64 = Debug|x64
		Debug|x86 = Debug|x86
		Release|x64 = Release|x64
		Release|x86 = Release|x86
	EndGlobalSection
	GlobalSection(ProjectConfigurationPlatforms) = postSolution
		{B1B08ACA-0A74-47DA-B8EE-8EAD32714539}.Debug|x64.ActiveCfg = Debug|x64
		{B1B08ACA-0A74-47DA-B8EE-8EAD32714539}.Debug|x64.Build.0 = Debug|x64
		{B1B08ACA-0A74-47DA-B8EE-8EAD32714539}.Debug|x86.ActiveCfg = Debug|Win32
		{B1B08ACA-0A74-47DA-B8EE-8EAD32714539}.Debug|x86.Build.0 = Debug|Win32
		{B1B08ACA-0A74-47DA-B8EE-8EAD32714539}.Release|x64.ActiveCfg = Release|x64
		{B1B08ACA-0A74-47DA-B8EE-8EAD32714539}.Release|x64.Build.0 = Release|x64
		{B1B08ACA-0A74-47DA-B8EE-8EAD32714539}.Release|x86.ActiveCfg = Release|Win32
		{B1B08ACA-0A74-47DA-B8EE-8EAD32714539}.Release|x86.Build.0 = Release|Win32
	EndGlobalSection
	GlobalSection(SolutionProperties) = preSolution
		HideSolutionNode = FALSE
	EndGlobalSection
	GlobalSection(ExtensibilityGlobals) = postSolution
		SolutionGuid = {5723AC8F-27A7-4D54-B10C-60FA8EC215A3}
	EndGlobalSection
EndGlobal
