
Microsoft Visual Studio Solution File, Format Version 12.00
# Visual Studio Version 17
VisualStudioVersion = 17.2.32630.192
MinimumVisualStudioVersion = 10.0.40219.1
Project("{8BC9CEB8-8B4A-11D0-8D11-00A0C91BC942}") = "2023.1.12", "2023.1.12\2023.1.12.vcxproj", "{5093E9C4-A8C9-4FED-A8EB-5BF21B25A74C}"
EndProject
Global
	GlobalSection(SolutionConfigurationPlatforms) = preSolution
		Debug|x64 = Debug|x64
		Debug|x86 = Debug|x86
		Release|x64 = Release|x64
		Release|x86 = Release|x86
	EndGlobalSection
	GlobalSection(ProjectConfigurationPlatforms) = postSolution
		{5093E9C4-A8C9-4FED-A8EB-5BF21B25A74C}.Debug|x64.ActiveCfg = Debug|x64
		{5093E9C4-A8C9-4FED-A8EB-5BF21B25A74C}.Debug|x64.Build.0 = Debug|x64
		{5093E9C4-A8C9-4FED-A8EB-5BF21B25A74C}.Debug|x86.ActiveCfg = Debug|Win32
		{5093E9C4-A8C9-4FED-A8EB-5BF21B25A74C}.Debug|x86.Build.0 = Debug|Win32
		{5093E9C4-A8C9-4FED-A8EB-5BF21B25A74C}.Release|x64.ActiveCfg = Release|x64
		{5093E9C4-A8C9-4FED-A8EB-5BF21B25A74C}.Release|x64.Build.0 = Release|x64
		{5093E9C4-A8C9-4FED-A8EB-5BF21B25A74C}.Release|x86.ActiveCfg = Release|Win32
		{5093E9C4-A8C9-4FED-A8EB-5BF21B25A74C}.Release|x86.Build.0 = Release|Win32
	EndGlobalSection
	GlobalSection(SolutionProperties) = preSolution
		HideSolutionNode = FALSE
	EndGlobalSection
	GlobalSection(ExtensibilityGlobals) = postSolution
		SolutionGuid = {747F42B2-A10F-4B25-9A1C-DB84CEA2E246}
	EndGlobalSection
EndGlobal
