
Microsoft Visual Studio Solution File, Format Version 12.00
# Visual Studio Version 17
VisualStudioVersion = 17.2.32630.192
MinimumVisualStudioVersion = 10.0.40219.1
Project("{8BC9CEB8-8B4A-11D0-8D11-00A0C91BC942}") = "2023.9.7", "2023.9.7\2023.9.7.vcxproj", "{B93DC92A-2478-4523-B253-4CCBBF17A1A0}"
EndProject
Global
	GlobalSection(SolutionConfigurationPlatforms) = preSolution
		Debug|x64 = Debug|x64
		Debug|x86 = Debug|x86
		Release|x64 = Release|x64
		Release|x86 = Release|x86
	EndGlobalSection
	GlobalSection(ProjectConfigurationPlatforms) = postSolution
		{B93DC92A-2478-4523-B253-4CCBBF17A1A0}.Debug|x64.ActiveCfg = Debug|x64
		{B93DC92A-2478-4523-B253-4CCBBF17A1A0}.Debug|x64.Build.0 = Debug|x64
		{B93DC92A-2478-4523-B253-4CCBBF17A1A0}.Debug|x86.ActiveCfg = Debug|Win32
		{B93DC92A-2478-4523-B253-4CCBBF17A1A0}.Debug|x86.Build.0 = Debug|Win32
		{B93DC92A-2478-4523-B253-4CCBBF17A1A0}.Release|x64.ActiveCfg = Release|x64
		{B93DC92A-2478-4523-B253-4CCBBF17A1A0}.Release|x64.Build.0 = Release|x64
		{B93DC92A-2478-4523-B253-4CCBBF17A1A0}.Release|x86.ActiveCfg = Release|Win32
		{B93DC92A-2478-4523-B253-4CCBBF17A1A0}.Release|x86.Build.0 = Release|Win32
	EndGlobalSection
	GlobalSection(SolutionProperties) = preSolution
		HideSolutionNode = FALSE
	EndGlobalSection
	GlobalSection(ExtensibilityGlobals) = postSolution
		SolutionGuid = {65D91AC5-6137-48C0-A06D-F94C2D84EA50}
	EndGlobalSection
EndGlobal
