
Microsoft Visual Studio Solution File, Format Version 12.00
# Visual Studio Version 17
VisualStudioVersion = 17.2.32630.192
MinimumVisualStudioVersion = 10.0.40219.1
Project("{8BC9CEB8-8B4A-11D0-8D11-00A0C91BC942}") = "2023.2.12", "2023.2.12\2023.2.12.vcxproj", "{D4C25B1B-BE9C-4553-AC05-A8190B0FBD22}"
EndProject
Global
	GlobalSection(SolutionConfigurationPlatforms) = preSolution
		Debug|x64 = Debug|x64
		Debug|x86 = Debug|x86
		Release|x64 = Release|x64
		Release|x86 = Release|x86
	EndGlobalSection
	GlobalSection(ProjectConfigurationPlatforms) = postSolution
		{D4C25B1B-BE9C-4553-AC05-A8190B0FBD22}.Debug|x64.ActiveCfg = Debug|x64
		{D4C25B1B-BE9C-4553-AC05-A8190B0FBD22}.Debug|x64.Build.0 = Debug|x64
		{D4C25B1B-BE9C-4553-AC05-A8190B0FBD22}.Debug|x86.ActiveCfg = Debug|Win32
		{D4C25B1B-BE9C-4553-AC05-A8190B0FBD22}.Debug|x86.Build.0 = Debug|Win32
		{D4C25B1B-BE9C-4553-AC05-A8190B0FBD22}.Release|x64.ActiveCfg = Release|x64
		{D4C25B1B-BE9C-4553-AC05-A8190B0FBD22}.Release|x64.Build.0 = Release|x64
		{D4C25B1B-BE9C-4553-AC05-A8190B0FBD22}.Release|x86.ActiveCfg = Release|Win32
		{D4C25B1B-BE9C-4553-AC05-A8190B0FBD22}.Release|x86.Build.0 = Release|Win32
	EndGlobalSection
	GlobalSection(SolutionProperties) = preSolution
		HideSolutionNode = FALSE
	EndGlobalSection
	GlobalSection(ExtensibilityGlobals) = postSolution
		SolutionGuid = {CA15AF94-961E-4D17-8A16-9F38D72A363B}
	EndGlobalSection
EndGlobal
