
Microsoft Visual Studio Solution File, Format Version 12.00
# Visual Studio Version 17
VisualStudioVersion = 17.2.32630.192
MinimumVisualStudioVersion = 10.0.40219.1
Project("{8BC9CEB8-8B4A-11D0-8D11-00A0C91BC942}") = "2022.7.18", "2022.7.18\2022.7.18.vcxproj", "{1CB37ECE-CC2B-4452-9E92-9F3D838821AA}"
EndProject
Global
	GlobalSection(SolutionConfigurationPlatforms) = preSolution
		Debug|x64 = Debug|x64
		Debug|x86 = Debug|x86
		Release|x64 = Release|x64
		Release|x86 = Release|x86
	EndGlobalSection
	GlobalSection(ProjectConfigurationPlatforms) = postSolution
		{1CB37ECE-CC2B-4452-9E92-9F3D838821AA}.Debug|x64.ActiveCfg = Debug|x64
		{1CB37ECE-CC2B-4452-9E92-9F3D838821AA}.Debug|x64.Build.0 = Debug|x64
		{1CB37ECE-CC2B-4452-9E92-9F3D838821AA}.Debug|x86.ActiveCfg = Debug|Win32
		{1CB37ECE-CC2B-4452-9E92-9F3D838821AA}.Debug|x86.Build.0 = Debug|Win32
		{1CB37ECE-CC2B-4452-9E92-9F3D838821AA}.Release|x64.ActiveCfg = Release|x64
		{1CB37ECE-CC2B-4452-9E92-9F3D838821AA}.Release|x64.Build.0 = Release|x64
		{1CB37ECE-CC2B-4452-9E92-9F3D838821AA}.Release|x86.ActiveCfg = Release|Win32
		{1CB37ECE-CC2B-4452-9E92-9F3D838821AA}.Release|x86.Build.0 = Release|Win32
	EndGlobalSection
	GlobalSection(SolutionProperties) = preSolution
		HideSolutionNode = FALSE
	EndGlobalSection
	GlobalSection(ExtensibilityGlobals) = postSolution
		SolutionGuid = {96A9CD83-C7AC-485F-89BD-18CF72413B37}
	EndGlobalSection
EndGlobal
